
Microsoft Visual Studio Solution File, Format Version 12.00
# Visual Studio Version 16
VisualStudioVersion = 16.0.31321.278
MinimumVisualStudioVersion = 10.0.40219.1
Project("{8BC9CEB8-8B4A-11D0-8D11-00A0C91BC942}") = "Transgerbeur", "Transgerbeur\Transgerbeur.vcxproj", "{9D17BF65-3A76-4E8B-B613-3CBD4358C722}"
EndProject
Project("{8BC9CEB8-8B4A-11D0-8D11-00A0C91BC942}") = "GestionEmployes", "GestionEmployes\GestionEmployes.vcxproj", "{45C6ED09-BA52-4425-B95A-67C227F518B3}"
EndProject
Project("{8BC9CEB8-8B4A-11D0-8D11-00A0C91BC942}") = "RGB", "RGB\RGB.vcxproj", "{55BA6061-0F57-4FD8-89C1-295E8958AF3B}"
EndProject
Global
	GlobalSection(SolutionConfigurationPlatforms) = preSolution
		Debug|x64 = Debug|x64
		Debug|x86 = Debug|x86
		Release|x64 = Release|x64
		Release|x86 = Release|x86
	EndGlobalSection
	GlobalSection(ProjectConfigurationPlatforms) = postSolution
		{9D17BF65-3A76-4E8B-B613-3CBD4358C722}.Debug|x64.ActiveCfg = Debug|x64
		{9D17BF65-3A76-4E8B-B613-3CBD4358C722}.Debug|x64.Build.0 = Debug|x64
		{9D17BF65-3A76-4E8B-B613-3CBD4358C722}.Debug|x86.ActiveCfg = Debug|Win32
		{9D17BF65-3A76-4E8B-B613-3CBD4358C722}.Debug|x86.Build.0 = Debug|Win32
		{9D17BF65-3A76-4E8B-B613-3CBD4358C722}.Release|x64.ActiveCfg = Release|x64
		{9D17BF65-3A76-4E8B-B613-3CBD4358C722}.Release|x64.Build.0 = Release|x64
		{9D17BF65-3A76-4E8B-B613-3CBD4358C722}.Release|x86.ActiveCfg = Release|Win32
		{9D17BF65-3A76-4E8B-B613-3CBD4358C722}.Release|x86.Build.0 = Release|Win32
		{45C6ED09-BA52-4425-B95A-67C227F518B3}.Debug|x64.ActiveCfg = Debug|x64
		{45C6ED09-BA52-4425-B95A-67C227F518B3}.Debug|x64.Build.0 = Debug|x64
		{45C6ED09-BA52-4425-B95A-67C227F518B3}.Debug|x86.ActiveCfg = Debug|Win32
		{45C6ED09-BA52-4425-B95A-67C227F518B3}.Debug|x86.Build.0 = Debug|Win32
		{45C6ED09-BA52-4425-B95A-67C227F518B3}.Release|x64.ActiveCfg = Release|x64
		{45C6ED09-BA52-4425-B95A-67C227F518B3}.Release|x64.Build.0 = Release|x64
		{45C6ED09-BA52-4425-B95A-67C227F518B3}.Release|x86.ActiveCfg = Release|Win32
		{45C6ED09-BA52-4425-B95A-67C227F518B3}.Release|x86.Build.0 = Release|Win32
		{55BA6061-0F57-4FD8-89C1-295E8958AF3B}.Debug|x64.ActiveCfg = Debug|x64
		{55BA6061-0F57-4FD8-89C1-295E8958AF3B}.Debug|x64.Build.0 = Debug|x64
		{55BA6061-0F57-4FD8-89C1-295E8958AF3B}.Debug|x86.ActiveCfg = Debug|Win32
		{55BA6061-0F57-4FD8-89C1-295E8958AF3B}.Debug|x86.Build.0 = Debug|Win32
		{55BA6061-0F57-4FD8-89C1-295E8958AF3B}.Release|x64.ActiveCfg = Release|x64
		{55BA6061-0F57-4FD8-89C1-295E8958AF3B}.Release|x64.Build.0 = Release|x64
		{55BA6061-0F57-4FD8-89C1-295E8958AF3B}.Release|x86.ActiveCfg = Release|Win32
		{55BA6061-0F57-4FD8-89C1-295E8958AF3B}.Release|x86.Build.0 = Release|Win32
	EndGlobalSection
	GlobalSection(SolutionProperties) = preSolution
		HideSolutionNode = FALSE
	EndGlobalSection
	GlobalSection(ExtensibilityGlobals) = postSolution
		SolutionGuid = {07D00439-64BB-4F13-BE16-18D5FACC3D08}
	EndGlobalSection
EndGlobal
